{
  "version": 4,
  "terraform_version": "1.2.6",
  "serial": 1,
  "lineage": "59b5c10f-ad3b-1d87-968a-8312b6093bdc",
  "outputs": {},
  "resources": [
    {
      "mode": "managed",
      "type": "aws_iam_user",
      "name": "lb",
      "provider": "provider[\"registry.terraform.io/hashicorp/aws\"]",
      "instances": [
        {
          "schema_version": 0,
          "attributes": {
            "arn": "arn:aws:iam::528519205020:user/system/terraform",
            "force_destroy": false,
            "id": "terraform",
            "name": "terraform",
            "path": "/system/",
            "permissions_boundary": null,
            "tags": {
              "tag-key": "pandey"
            },
            "tags_all": {
              "tag-key": "pandey"
            },
            "unique_id": "AIDAXWDRTCCOFQBKQXUUZ"
          },
          "sensitive_attributes": [],
          "private": "bnVsbA=="
        }
      ]
    }
  ]
}
